
Microsoft Visual Studio Solution File, Format Version 12.00
# Visual Studio Version 17
VisualStudioVersion = 17.0.32126.317
MinimumVisualStudioVersion = 10.0.40219.1
Project("{FAE04EC0-301F-11D3-BF4B-00C04F79EFBC}") = "lab_3", "lab_3\lab_3.csproj", "{E5509A77-3A89-4698-B821-E6AA06BDCFD5}"
EndProject
Project("{FAE04EC0-301F-11D3-BF4B-00C04F79EFBC}") = "lab_3Tests", "lab_3Tests\lab_3Tests.csproj", "{342DEBB7-5177-4F02-95A2-B4F6A8A19820}"
EndProject
Global
	GlobalSection(SolutionConfigurationPlatforms) = preSolution
		Debug|Any CPU = Debug|Any CPU
		Release|Any CPU = Release|Any CPU
	EndGlobalSection
	GlobalSection(ProjectConfigurationPlatforms) = postSolution
		{E5509A77-3A89-4698-B821-E6AA06BDCFD5}.Debug|Any CPU.ActiveCfg = Debug|Any CPU
		{E5509A77-3A89-4698-B821-E6AA06BDCFD5}.Debug|Any CPU.Build.0 = Debug|Any CPU
		{E5509A77-3A89-4698-B821-E6AA06BDCFD5}.Release|Any CPU.ActiveCfg = Release|Any CPU
		{E5509A77-3A89-4698-B821-E6AA06BDCFD5}.Release|Any CPU.Build.0 = Release|Any CPU
		{342DEBB7-5177-4F02-95A2-B4F6A8A19820}.Debug|Any CPU.ActiveCfg = Debug|Any CPU
		{342DEBB7-5177-4F02-95A2-B4F6A8A19820}.Debug|Any CPU.Build.0 = Debug|Any CPU
		{342DEBB7-5177-4F02-95A2-B4F6A8A19820}.Release|Any CPU.ActiveCfg = Release|Any CPU
		{342DEBB7-5177-4F02-95A2-B4F6A8A19820}.Release|Any CPU.Build.0 = Release|Any CPU
	EndGlobalSection
	GlobalSection(SolutionProperties) = preSolution
		HideSolutionNode = FALSE
	EndGlobalSection
	GlobalSection(ExtensibilityGlobals) = postSolution
		SolutionGuid = {88B62EC6-D370-4636-BA51-3114F911F15C}
	EndGlobalSection
EndGlobal
